
Microsoft Visual Studio Solution File, Format Version 12.00
# Visual Studio Version 17
VisualStudioVersion = 17.3.32819.101
MinimumVisualStudioVersion = 10.0.40219.1
Project("{FAE04EC0-301F-11D3-BF4B-00C04F79EFBC}") = "MemoryHierarchySimulator", "MemoryHierarchySimulator\MemoryHierarchySimulator.csproj", "{18D68E75-9EB7-4A53-BB44-CE7922E6BA5D}"
EndProject
Global
	GlobalSection(SolutionConfigurationPlatforms) = preSolution
		Debug|Any CPU = Debug|Any CPU
		Release|Any CPU = Release|Any CPU
	EndGlobalSection
	GlobalSection(ProjectConfigurationPlatforms) = postSolution
		{18D68E75-9EB7-4A53-BB44-CE7922E6BA5D}.Debug|Any CPU.ActiveCfg = Debug|Any CPU
		{18D68E75-9EB7-4A53-BB44-CE7922E6BA5D}.Debug|Any CPU.Build.0 = Debug|Any CPU
		{18D68E75-9EB7-4A53-BB44-CE7922E6BA5D}.Release|Any CPU.ActiveCfg = Release|Any CPU
		{18D68E75-9EB7-4A53-BB44-CE7922E6BA5D}.Release|Any CPU.Build.0 = Release|Any CPU
	EndGlobalSection
	GlobalSection(SolutionProperties) = preSolution
		HideSolutionNode = FALSE
	EndGlobalSection
	GlobalSection(ExtensibilityGlobals) = postSolution
		SolutionGuid = {0BED225C-4729-4A46-8262-58A7D2FA06C1}
	EndGlobalSection
EndGlobal
